// !$*UTF8*$!
{
	archiveVersion = 1;
	classes = {
	};
	objectVersion = 46;
	objects = {

/* Begin PBXBuildFile section */
		48F0A0F21F05855600133371 /* GoogleService-Info.plist in Resources */ = {isa = PBXBuildFile; fileRef = 48F0A0F11F05855600133371 /* GoogleService-Info.plist */; };
		48F3E1E21EFD6DA300E8EFA0 /* AppDelegate.swift in Sources */ = {isa = PBXBuildFile; fileRef = 48F3E1E11EFD6DA300E8EFA0 /* AppDelegate.swift */; };
		48F3E1E41EFD6DA300E8EFA0 /* FirstViewController.swift in Sources */ = {isa = PBXBuildFile; fileRef = 48F3E1E31EFD6DA300E8EFA0 /* FirstViewController.swift */; };
		48F3E1E61EFD6DA300E8EFA0 /* SecondViewController.swift in Sources */ = {isa = PBXBuildFile; fileRef = 48F3E1E51EFD6DA300E8EFA0 /* SecondViewController.swift */; };
		48F3E1E91EFD6DA300E8EFA0 /* Main.storyboard in Resources */ = {isa = PBXBuildFile; fileRef = 48F3E1E71EFD6DA300E8EFA0 /* Main.storyboard */; };
		48F3E1EB1EFD6DA300E8EFA0 /* Assets.xcassets in Resources */ = {isa = PBXBuildFile; fileRef = 48F3E1EA1EFD6DA300E8EFA0 /* Assets.xcassets */; };
		48F3E1EE1EFD6DA300E8EFA0 /* LaunchScreen.storyboard in Resources */ = {isa = PBXBuildFile; fileRef = 48F3E1EC1EFD6DA300E8EFA0 /* LaunchScreen.storyboard */; };
		48F3E1F91EFD6DA400E8EFA0 /* HoneycombTests.swift in Sources */ = {isa = PBXBuildFile; fileRef = 48F3E1F81EFD6DA400E8EFA0 /* HoneycombTests.swift */; };
		48F3E2041EFD6DA400E8EFA0 /* HoneycombUITests.swift in Sources */ = {isa = PBXBuildFile; fileRef = 48F3E2031EFD6DA400E8EFA0 /* HoneycombUITests.swift */; };
		48F3E2141EFD7A9600E8EFA0 /* ThirdViewController.swift in Sources */ = {isa = PBXBuildFile; fileRef = 48F3E2131EFD7A9600E8EFA0 /* ThirdViewController.swift */; };
		48F3E2161EFD868D00E8EFA0 /* InventoryController.swift in Sources */ = {isa = PBXBuildFile; fileRef = 48F3E2151EFD868D00E8EFA0 /* InventoryController.swift */; };
		5DE7A37D5D6268361356D5A4 /* Pods_HoneycombUITests.framework in Frameworks */ = {isa = PBXBuildFile; fileRef = F43BAF175015B22B8019F40F /* Pods_HoneycombUITests.framework */; };
		6C8E70DB6D4402483C1EAE95 /* Pods_Honeycomb.framework in Frameworks */ = {isa = PBXBuildFile; fileRef = E406147E10BC4A0CC87711B7 /* Pods_Honeycomb.framework */; };
		7A7DA88BF4486A5507CD61B4 /* Pods_HoneycombTests.framework in Frameworks */ = {isa = PBXBuildFile; fileRef = DE0DA45C35BB3B33F9879012 /* Pods_HoneycombTests.framework */; };
/* End PBXBuildFile section */

/* Begin PBXContainerItemProxy section */
		48F3E1F51EFD6DA400E8EFA0 /* PBXContainerItemProxy */ = {
			isa = PBXContainerItemProxy;
			containerPortal = 48F3E1D61EFD6DA300E8EFA0 /* Project object */;
			proxyType = 1;
			remoteGlobalIDString = 48F3E1DD1EFD6DA300E8EFA0;
			remoteInfo = Honeycomb;
		};
		48F3E2001EFD6DA400E8EFA0 /* PBXContainerItemProxy */ = {
			isa = PBXContainerItemProxy;
			containerPortal = 48F3E1D61EFD6DA300E8EFA0 /* Project object */;
			proxyType = 1;
			remoteGlobalIDString = 48F3E1DD1EFD6DA300E8EFA0;
			remoteInfo = Honeycomb;
		};
/* End PBXContainerItemProxy section */

/* Begin PBXFileReference section */
		0D47E5721AA75501D003D6E2 /* Pods-Honeycomb.debug.xcconfig */ = {isa = PBXFileReference; includeInIndex = 1; lastKnownFileType = text.xcconfig; name = "Pods-Honeycomb.debug.xcconfig"; path = "Pods/Target Support Files/Pods-Honeycomb/Pods-Honeycomb.debug.xcconfig"; sourceTree = "<group>"; };
		2139B2BCA5085A09047A7A4E /* Pods-HoneycombUITests.release.xcconfig */ = {isa = PBXFileReference; includeInIndex = 1; lastKnownFileType = text.xcconfig; name = "Pods-HoneycombUITests.release.xcconfig"; path = "Pods/Target Support Files/Pods-HoneycombUITests/Pods-HoneycombUITests.release.xcconfig"; sourceTree = "<group>"; };
		48F0A0F11F05855600133371 /* GoogleService-Info.plist */ = {isa = PBXFileReference; fileEncoding = 4; lastKnownFileType = text.plist.xml; path = "GoogleService-Info.plist"; sourceTree = "<group>"; };
		48F3E1DE1EFD6DA300E8EFA0 /* Honeycomb.app */ = {isa = PBXFileReference; explicitFileType = wrapper.application; includeInIndex = 0; path = Honeycomb.app; sourceTree = BUILT_PRODUCTS_DIR; };
		48F3E1E11EFD6DA300E8EFA0 /* AppDelegate.swift */ = {isa = PBXFileReference; lastKnownFileType = sourcecode.swift; path = AppDelegate.swift; sourceTree = "<group>"; };
		48F3E1E31EFD6DA300E8EFA0 /* FirstViewController.swift */ = {isa = PBXFileReference; lastKnownFileType = sourcecode.swift; path = FirstViewController.swift; sourceTree = "<group>"; };
		48F3E1E51EFD6DA300E8EFA0 /* SecondViewController.swift */ = {isa = PBXFileReference; lastKnownFileType = sourcecode.swift; path = SecondViewController.swift; sourceTree = "<group>"; };
		48F3E1E81EFD6DA300E8EFA0 /* Base */ = {isa = PBXFileReference; lastKnownFileType = file.storyboard; name = Base; path = Base.lproj/Main.storyboard; sourceTree = "<group>"; };
		48F3E1EA1EFD6DA300E8EFA0 /* Assets.xcassets */ = {isa = PBXFileReference; lastKnownFileType = folder.assetcatalog; path = Assets.xcassets; sourceTree = "<group>"; };
		48F3E1ED1EFD6DA300E8EFA0 /* Base */ = {isa = PBXFileReference; lastKnownFileType = file.storyboard; name = Base; path = Base.lproj/LaunchScreen.storyboard; sourceTree = "<group>"; };
		48F3E1EF1EFD6DA300E8EFA0 /* Info.plist */ = {isa = PBXFileReference; lastKnownFileType = text.plist.xml; path = Info.plist; sourceTree = "<group>"; };
		48F3E1F41EFD6DA400E8EFA0 /* HoneycombTests.xctest */ = {isa = PBXFileReference; explicitFileType = wrapper.cfbundle; includeInIndex = 0; path = HoneycombTests.xctest; sourceTree = BUILT_PRODUCTS_DIR; };
		48F3E1F81EFD6DA400E8EFA0 /* HoneycombTests.swift */ = {isa = PBXFileReference; lastKnownFileType = sourcecode.swift; path = HoneycombTests.swift; sourceTree = "<group>"; };
		48F3E1FA1EFD6DA400E8EFA0 /* Info.plist */ = {isa = PBXFileReference; lastKnownFileType = text.plist.xml; path = Info.plist; sourceTree = "<group>"; };
		48F3E1FF1EFD6DA400E8EFA0 /* HoneycombUITests.xctest */ = {isa = PBXFileReference; explicitFileType = wrapper.cfbundle; includeInIndex = 0; path = HoneycombUITests.xctest; sourceTree = BUILT_PRODUCTS_DIR; };
		48F3E2031EFD6DA400E8EFA0 /* HoneycombUITests.swift */ = {isa = PBXFileReference; lastKnownFileType = sourcecode.swift; path = HoneycombUITests.swift; sourceTree = "<group>"; };
		48F3E2051EFD6DA400E8EFA0 /* Info.plist */ = {isa = PBXFileReference; lastKnownFileType = text.plist.xml; path = Info.plist; sourceTree = "<group>"; };
		48F3E2131EFD7A9600E8EFA0 /* ThirdViewController.swift */ = {isa = PBXFileReference; fileEncoding = 4; lastKnownFileType = sourcecode.swift; path = ThirdViewController.swift; sourceTree = "<group>"; };
		48F3E2151EFD868D00E8EFA0 /* InventoryController.swift */ = {isa = PBXFileReference; fileEncoding = 4; lastKnownFileType = sourcecode.swift; path = InventoryController.swift; sourceTree = "<group>"; };
		D312909F85F8FD4CE29425FE /* Pods-HoneycombUITests.debug.xcconfig */ = {isa = PBXFileReference; includeInIndex = 1; lastKnownFileType = text.xcconfig; name = "Pods-HoneycombUITests.debug.xcconfig"; path = "Pods/Target Support Files/Pods-HoneycombUITests/Pods-HoneycombUITests.debug.xcconfig"; sourceTree = "<group>"; };
		D5C5B8B38D98B152929B88B9 /* Pods-Honeycomb.release.xcconfig */ = {isa = PBXFileReference; includeInIndex = 1; lastKnownFileType = text.xcconfig; name = "Pods-Honeycomb.release.xcconfig"; path = "Pods/Target Support Files/Pods-Honeycomb/Pods-Honeycomb.release.xcconfig"; sourceTree = "<group>"; };
		DE0DA45C35BB3B33F9879012 /* Pods_HoneycombTests.framework */ = {isa = PBXFileReference; explicitFileType = wrapper.framework; includeInIndex = 0; path = Pods_HoneycombTests.framework; sourceTree = BUILT_PRODUCTS_DIR; };
		E406147E10BC4A0CC87711B7 /* Pods_Honeycomb.framework */ = {isa = PBXFileReference; explicitFileType = wrapper.framework; includeInIndex = 0; path = Pods_Honeycomb.framework; sourceTree = BUILT_PRODUCTS_DIR; };
		E7B09D6F8CB98B8EA7BB8CC1 /* Pods-HoneycombTests.release.xcconfig */ = {isa = PBXFileReference; includeInIndex = 1; lastKnownFileType = text.xcconfig; name = "Pods-HoneycombTests.release.xcconfig"; path = "Pods/Target Support Files/Pods-HoneycombTests/Pods-HoneycombTests.release.xcconfig"; sourceTree = "<group>"; };
		EB2FF7096D50A84C381CEDD6 /* Pods-HoneycombTests.debug.xcconfig */ = {isa = PBXFileReference; includeInIndex = 1; lastKnownFileType = text.xcconfig; name = "Pods-HoneycombTests.debug.xcconfig"; path = "Pods/Target Support Files/Pods-HoneycombTests/Pods-HoneycombTests.debug.xcconfig"; sourceTree = "<group>"; };
		F43BAF175015B22B8019F40F /* Pods_HoneycombUITests.framework */ = {isa = PBXFileReference; explicitFileType = wrapper.framework; includeInIndex = 0; path = Pods_HoneycombUITests.framework; sourceTree = BUILT_PRODUCTS_DIR; };
/* End PBXFileReference section */

/* Begin PBXFrameworksBuildPhase section */
		48F3E1DB1EFD6DA300E8EFA0 /* Frameworks */ = {
			isa = PBXFrameworksBuildPhase;
			buildActionMask = 2147483647;
			files = (
				6C8E70DB6D4402483C1EAE95 /* Pods_Honeycomb.framework in Frameworks */,
			);
			runOnlyForDeploymentPostprocessing = 0;
		};
		48F3E1F11EFD6DA400E8EFA0 /* Frameworks */ = {
			isa = PBXFrameworksBuildPhase;
			buildActionMask = 2147483647;
			files = (
				7A7DA88BF4486A5507CD61B4 /* Pods_HoneycombTests.framework in Frameworks */,
			);
			runOnlyForDeploymentPostprocessing = 0;
		};
		48F3E1FC1EFD6DA400E8EFA0 /* Frameworks */ = {
			isa = PBXFrameworksBuildPhase;
			buildActionMask = 2147483647;
			files = (
				5DE7A37D5D6268361356D5A4 /* Pods_HoneycombUITests.framework in Frameworks */,
			);
			runOnlyForDeploymentPostprocessing = 0;
		};
/* End PBXFrameworksBuildPhase section */

/* Begin PBXGroup section */
		1F8E8654D99878259FA0F793 /* Pods */ = {
			isa = PBXGroup;
			children = (
				0D47E5721AA75501D003D6E2 /* Pods-Honeycomb.debug.xcconfig */,
				D5C5B8B38D98B152929B88B9 /* Pods-Honeycomb.release.xcconfig */,
				EB2FF7096D50A84C381CEDD6 /* Pods-HoneycombTests.debug.xcconfig */,
				E7B09D6F8CB98B8EA7BB8CC1 /* Pods-HoneycombTests.release.xcconfig */,
				D312909F85F8FD4CE29425FE /* Pods-HoneycombUITests.debug.xcconfig */,
				2139B2BCA5085A09047A7A4E /* Pods-HoneycombUITests.release.xcconfig */,
			);
			name = Pods;
			sourceTree = "<group>";
		};
		48F3E1D51EFD6DA300E8EFA0 = {
			isa = PBXGroup;
			children = (
				48F3E1E01EFD6DA300E8EFA0 /* Honeycomb */,
				48F3E1F71EFD6DA400E8EFA0 /* HoneycombTests */,
				48F3E2021EFD6DA400E8EFA0 /* HoneycombUITests */,
				48F3E1DF1EFD6DA300E8EFA0 /* Products */,
				1F8E8654D99878259FA0F793 /* Pods */,
				BB2E10AD228B234125801430 /* Frameworks */,
			);
			sourceTree = "<group>";
		};
		48F3E1DF1EFD6DA300E8EFA0 /* Products */ = {
			isa = PBXGroup;
			children = (
				48F3E1DE1EFD6DA300E8EFA0 /* Honeycomb.app */,
				48F3E1F41EFD6DA400E8EFA0 /* HoneycombTests.xctest */,
				48F3E1FF1EFD6DA400E8EFA0 /* HoneycombUITests.xctest */,
			);
			name = Products;
			sourceTree = "<group>";
		};
		48F3E1E01EFD6DA300E8EFA0 /* Honeycomb */ = {
			isa = PBXGroup;
			children = (
				48F0A0F11F05855600133371 /* GoogleService-Info.plist */,
				48F3E1E11EFD6DA300E8EFA0 /* AppDelegate.swift */,
				48F3E1E31EFD6DA300E8EFA0 /* FirstViewController.swift */,
				48F3E1E51EFD6DA300E8EFA0 /* SecondViewController.swift */,
				48F3E2131EFD7A9600E8EFA0 /* ThirdViewController.swift */,
				48F3E1E71EFD6DA300E8EFA0 /* Main.storyboard */,
				48F3E1EA1EFD6DA300E8EFA0 /* Assets.xcassets */,
				48F3E1EC1EFD6DA300E8EFA0 /* LaunchScreen.storyboard */,
				48F3E1EF1EFD6DA300E8EFA0 /* Info.plist */,
				48F3E2151EFD868D00E8EFA0 /* InventoryController.swift */,
			);
			path = Honeycomb;
			sourceTree = "<group>";
		};
		48F3E1F71EFD6DA400E8EFA0 /* HoneycombTests */ = {
			isa = PBXGroup;
			children = (
				48F3E1F81EFD6DA400E8EFA0 /* HoneycombTests.swift */,
				48F3E1FA1EFD6DA400E8EFA0 /* Info.plist */,
			);
			path = HoneycombTests;
			sourceTree = "<group>";
		};
		48F3E2021EFD6DA400E8EFA0 /* HoneycombUITests */ = {
			isa = PBXGroup;
			children = (
				48F3E2031EFD6DA400E8EFA0 /* HoneycombUITests.swift */,
				48F3E2051EFD6DA400E8EFA0 /* Info.plist */,
			);
			path = HoneycombUITests;
			sourceTree = "<group>";
		};
		BB2E10AD228B234125801430 /* Frameworks */ = {
			isa = PBXGroup;
			children = (
				E406147E10BC4A0CC87711B7 /* Pods_Honeycomb.framework */,
				DE0DA45C35BB3B33F9879012 /* Pods_HoneycombTests.framework */,
				F43BAF175015B22B8019F40F /* Pods_HoneycombUITests.framework */,
			);
			name = Frameworks;
			sourceTree = "<group>";
		};
/* End PBXGroup section */

/* Begin PBXNativeTarget section */
		48F3E1DD1EFD6DA300E8EFA0 /* Honeycomb */ = {
			isa = PBXNativeTarget;
			buildConfigurationList = 48F3E2081EFD6DA400E8EFA0 /* Build configuration list for PBXNativeTarget "Honeycomb" */;
			buildPhases = (
				26EF23DD7C910F6DA1154AED /* [CP] Check Pods Manifest.lock */,
				48F3E1DA1EFD6DA300E8EFA0 /* Sources */,
				48F3E1DB1EFD6DA300E8EFA0 /* Frameworks */,
				48F3E1DC1EFD6DA300E8EFA0 /* Resources */,
				B4CCD6A13711C6ECDD27A5E3 /* [CP] Embed Pods Frameworks */,
				1ACC26B6025F84657BEF4F3F /* [CP] Copy Pods Resources */,
			);
			buildRules = (
			);
			dependencies = (
			);
			name = Honeycomb;
			productName = Honeycomb;
			productReference = 48F3E1DE1EFD6DA300E8EFA0 /* Honeycomb.app */;
			productType = "com.apple.product-type.application";
		};
		48F3E1F31EFD6DA400E8EFA0 /* HoneycombTests */ = {
			isa = PBXNativeTarget;
			buildConfigurationList = 48F3E20B1EFD6DA400E8EFA0 /* Build configuration list for PBXNativeTarget "HoneycombTests" */;
			buildPhases = (
				C6C74BDBECB3A7C560893BC4 /* [CP] Check Pods Manifest.lock */,
				48F3E1F01EFD6DA400E8EFA0 /* Sources */,
				48F3E1F11EFD6DA400E8EFA0 /* Frameworks */,
				48F3E1F21EFD6DA400E8EFA0 /* Resources */,
				B27B59C8F508F6D9300D0FDB /* [CP] Embed Pods Frameworks */,
				22D27626A41944F18480CC26 /* [CP] Copy Pods Resources */,
			);
			buildRules = (
			);
			dependencies = (
				48F3E1F61EFD6DA400E8EFA0 /* PBXTargetDependency */,
			);
			name = HoneycombTests;
			productName = HoneycombTests;
			productReference = 48F3E1F41EFD6DA400E8EFA0 /* HoneycombTests.xctest */;
			productType = "com.apple.product-type.bundle.unit-test";
		};
		48F3E1FE1EFD6DA400E8EFA0 /* HoneycombUITests */ = {
			isa = PBXNativeTarget;
			buildConfigurationList = 48F3E20E1EFD6DA400E8EFA0 /* Build configuration list for PBXNativeTarget "HoneycombUITests" */;
			buildPhases = (
				A0F4B6085144A4F086ADDA85 /* [CP] Check Pods Manifest.lock */,
				48F3E1FB1EFD6DA400E8EFA0 /* Sources */,
				48F3E1FC1EFD6DA400E8EFA0 /* Frameworks */,
				48F3E1FD1EFD6DA400E8EFA0 /* Resources */,
				136105C987FCD3284163CB8E /* [CP] Embed Pods Frameworks */,
				967C44C6CC8CC15D1198FB2C /* [CP] Copy Pods Resources */,
			);
			buildRules = (
			);
			dependencies = (
				48F3E2011EFD6DA400E8EFA0 /* PBXTargetDependency */,
			);
			name = HoneycombUITests;
			productName = HoneycombUITests;
			productReference = 48F3E1FF1EFD6DA400E8EFA0 /* HoneycombUITests.xctest */;
			productType = "com.apple.product-type.bundle.ui-testing";
		};
/* End PBXNativeTarget section */

/* Begin PBXProject section */
		48F3E1D61EFD6DA300E8EFA0 /* Project object */ = {
			isa = PBXProject;
			attributes = {
				LastSwiftUpdateCheck = 0830;
				LastUpgradeCheck = 0830;
				ORGANIZATIONNAME = "Niall Miner";
				TargetAttributes = {
					48F3E1DD1EFD6DA300E8EFA0 = {
						CreatedOnToolsVersion = 8.3.3;
						ProvisioningStyle = Automatic;
					};
					48F3E1F31EFD6DA400E8EFA0 = {
						CreatedOnToolsVersion = 8.3.3;
						ProvisioningStyle = Automatic;
						TestTargetID = 48F3E1DD1EFD6DA300E8EFA0;
					};
					48F3E1FE1EFD6DA400E8EFA0 = {
						CreatedOnToolsVersion = 8.3.3;
						ProvisioningStyle = Automatic;
						TestTargetID = 48F3E1DD1EFD6DA300E8EFA0;
					};
				};
			};
			buildConfigurationList = 48F3E1D91EFD6DA300E8EFA0 /* Build configuration list for PBXProject "Honeycomb" */;
			compatibilityVersion = "Xcode 3.2";
			developmentRegion = English;
			hasScannedForEncodings = 0;
			knownRegions = (
				en,
				Base,
			);
			mainGroup = 48F3E1D51EFD6DA300E8EFA0;
			productRefGroup = 48F3E1DF1EFD6DA300E8EFA0 /* Products */;
			projectDirPath = "";
			projectRoot = "";
			targets = (
				48F3E1DD1EFD6DA300E8EFA0 /* Honeycomb */,
				48F3E1F31EFD6DA400E8EFA0 /* HoneycombTests */,
				48F3E1FE1EFD6DA400E8EFA0 /* HoneycombUITests */,
			);
		};
/* End PBXProject section */

/* Begin PBXResourcesBuildPhase section */
		48F3E1DC1EFD6DA300E8EFA0 /* Resources */ = {
			isa = PBXResourcesBuildPhase;
			buildActionMask = 2147483647;
			files = (
				48F3E1EE1EFD6DA300E8EFA0 /* LaunchScreen.storyboard in Resources */,
				48F0A0F21F05855600133371 /* GoogleService-Info.plist in Resources */,
				48F3E1EB1EFD6DA300E8EFA0 /* Assets.xcassets in Resources */,
				48F3E1E91EFD6DA300E8EFA0 /* Main.storyboard in Resources */,
			);
			runOnlyForDeploymentPostprocessing = 0;
		};
		48F3E1F21EFD6DA400E8EFA0 /* Resources */ = {
			isa = PBXResourcesBuildPhase;
			buildActionMask = 2147483647;
			files = (
			);
			runOnlyForDeploymentPostprocessing = 0;
		};
		48F3E1FD1EFD6DA400E8EFA0 /* Resources */ = {
			isa = PBXResourcesBuildPhase;
			buildActionMask = 2147483647;
			files = (
			);
			runOnlyForDeploymentPostprocessing = 0;
		};
/* End PBXResourcesBuildPhase section */

/* Begin PBXShellScriptBuildPhase section */
		136105C987FCD3284163CB8E /* [CP] Embed Pods Frameworks */ = {
			isa = PBXShellScriptBuildPhase;
			buildActionMask = 2147483647;
			files = (
			);
			inputPaths = (
			);
			name = "[CP] Embed Pods Frameworks";
			outputPaths = (
			);
			runOnlyForDeploymentPostprocessing = 0;
			shellPath = /bin/sh;
			shellScript = "\"${SRCROOT}/Pods/Target Support Files/Pods-HoneycombUITests/Pods-HoneycombUITests-frameworks.sh\"\n";
			showEnvVarsInLog = 0;
		};
		1ACC26B6025F84657BEF4F3F /* [CP] Copy Pods Resources */ = {
			isa = PBXShellScriptBuildPhase;
			buildActionMask = 2147483647;
			files = (
			);
			inputPaths = (
			);
			name = "[CP] Copy Pods Resources";
			outputPaths = (
			);
			runOnlyForDeploymentPostprocessing = 0;
			shellPath = /bin/sh;
			shellScript = "\"${SRCROOT}/Pods/Target Support Files/Pods-Honeycomb/Pods-Honeycomb-resources.sh\"\n";
			showEnvVarsInLog = 0;
		};
		22D27626A41944F18480CC26 /* [CP] Copy Pods Resources */ = {
			isa = PBXShellScriptBuildPhase;
			buildActionMask = 2147483647;
			files = (
			);
			inputPaths = (
			);
			name = "[CP] Copy Pods Resources";
			outputPaths = (
			);
			runOnlyForDeploymentPostprocessing = 0;
			shellPath = /bin/sh;
			shellScript = "\"${SRCROOT}/Pods/Target Support Files/Pods-HoneycombTests/Pods-HoneycombTests-resources.sh\"\n";
			showEnvVarsInLog = 0;
		};
		26EF23DD7C910F6DA1154AED /* [CP] Check Pods Manifest.lock */ = {
			isa = PBXShellScriptBuildPhase;
			buildActionMask = 2147483647;
			files = (
			);
			inputPaths = (
			);
			name = "[CP] Check Pods Manifest.lock";
			outputPaths = (
			);
			runOnlyForDeploymentPostprocessing = 0;
			shellPath = /bin/sh;
			shellScript = "diff \"${PODS_PODFILE_DIR_PATH}/Podfile.lock\" \"${PODS_ROOT}/Manifest.lock\" > /dev/null\nif [ $? != 0 ] ; then\n    # print error to STDERR\n    echo \"error: The sandbox is not in sync with the Podfile.lock. Run 'pod install' or update your CocoaPods installation.\" >&2\n    exit 1\nfi\n";
			showEnvVarsInLog = 0;
		};
		967C44C6CC8CC15D1198FB2C /* [CP] Copy Pods Resources */ = {
			isa = PBXShellScriptBuildPhase;
			buildActionMask = 2147483647;
			files = (
			);
			inputPaths = (
			);
			name = "[CP] Copy Pods Resources";
			outputPaths = (
			);
			runOnlyForDeploymentPostprocessing = 0;
			shellPath = /bin/sh;
			shellScript = "\"${SRCROOT}/Pods/Target Support Files/Pods-HoneycombUITests/Pods-HoneycombUITests-resources.sh\"\n";
			showEnvVarsInLog = 0;
		};
		A0F4B6085144A4F086ADDA85 /* [CP] Check Pods Manifest.lock */ = {
			isa = PBXShellScriptBuildPhase;
			buildActionMask = 2147483647;
			files = (
			);
			inputPaths = (
			);
			name = "[CP] Check Pods Manifest.lock";
			outputPaths = (
			);
			runOnlyForDeploymentPostprocessing = 0;
			shellPath = /bin/sh;
			shellScript = "diff \"${PODS_PODFILE_DIR_PATH}/Podfile.lock\" \"${PODS_ROOT}/Manifest.lock\" > /dev/null\nif [ $? != 0 ] ; then\n    # print error to STDERR\n    echo \"error: The sandbox is not in sync with the Podfile.lock. Run 'pod install' or update your CocoaPods installation.\" >&2\n    exit 1\nfi\n";
			showEnvVarsInLog = 0;
		};
		B27B59C8F508F6D9300D0FDB /* [CP] Embed Pods Frameworks */ = {
			isa = PBXShellScriptBuildPhase;
			buildActionMask = 2147483647;
			files = (
			);
			inputPaths = (
			);
			name = "[CP] Embed Pods Frameworks";
			outputPaths = (
			);
			runOnlyForDeploymentPostprocessing = 0;
			shellPath = /bin/sh;
			shellScript = "\"${SRCROOT}/Pods/Target Support Files/Pods-HoneycombTests/Pods-HoneycombTests-frameworks.sh\"\n";
			showEnvVarsInLog = 0;
		};
		B4CCD6A13711C6ECDD27A5E3 /* [CP] Embed Pods Frameworks */ = {
			isa = PBXShellScriptBuildPhase;
			buildActionMask = 2147483647;
			files = (
			);
			inputPaths = (
			);
			name = "[CP] Embed Pods Frameworks";
			outputPaths = (
			);
			runOnlyForDeploymentPostprocessing = 0;
			shellPath = /bin/sh;
			shellScript = "\"${SRCROOT}/Pods/Target Support Files/Pods-Honeycomb/Pods-Honeycomb-frameworks.sh\"\n";
			showEnvVarsInLog = 0;
		};
		C6C74BDBECB3A7C560893BC4 /* [CP] Check Pods Manifest.lock */ = {
			isa = PBXShellScriptBuildPhase;
			buildActionMask = 2147483647;
			files = (
			);
			inputPaths = (
			);
			name = "[CP] Check Pods Manifest.lock";
			outputPaths = (
			);
			runOnlyForDeploymentPostprocessing = 0;
			shellPath = /bin/sh;
			shellScript = "diff \"${PODS_PODFILE_DIR_PATH}/Podfile.lock\" \"${PODS_ROOT}/Manifest.lock\" > /dev/null\nif [ $? != 0 ] ; then\n    # print error to STDERR\n    echo \"error: The sandbox is not in sync with the Podfile.lock. Run 'pod install' or update your CocoaPods installation.\" >&2\n    exit 1\nfi\n";
			showEnvVarsInLog = 0;
		};
/* End PBXShellScriptBuildPhase section */

/* Begin PBXSourcesBuildPhase section */
		48F3E1DA1EFD6DA300E8EFA0 /* Sources */ = {
			isa = PBXSourcesBuildPhase;
			buildActionMask = 2147483647;
			files = (
				48F3E1E61EFD6DA300E8EFA0 /* SecondViewController.swift in Sources */,
				48F3E2161EFD868D00E8EFA0 /* InventoryController.swift in Sources */,
				48F3E1E21EFD6DA300E8EFA0 /* AppDelegate.swift in Sources */,
				48F3E2141EFD7A9600E8EFA0 /* ThirdViewController.swift in Sources */,
				48F3E1E41EFD6DA300E8EFA0 /* FirstViewController.swift in Sources */,
			);
			runOnlyForDeploymentPostprocessing = 0;
		};
		48F3E1F01EFD6DA400E8EFA0 /* Sources */ = {
			isa = PBXSourcesBuildPhase;
			buildActionMask = 2147483647;
			files = (
				48F3E1F91EFD6DA400E8EFA0 /* HoneycombTests.swift in Sources */,
			);
			runOnlyForDeploymentPostprocessing = 0;
		};
		48F3E1FB1EFD6DA400E8EFA0 /* Sources */ = {
			isa = PBXSourcesBuildPhase;
			buildActionMask = 2147483647;
			files = (
				48F3E2041EFD6DA400E8EFA0 /* HoneycombUITests.swift in Sources */,
			);
			runOnlyForDeploymentPostprocessing = 0;
		};
/* End PBXSourcesBuildPhase section */

/* Begin PBXTargetDependency section */
		48F3E1F61EFD6DA400E8EFA0 /* PBXTargetDependency */ = {
			isa = PBXTargetDependency;
			target = 48F3E1DD1EFD6DA300E8EFA0 /* Honeycomb */;
			targetProxy = 48F3E1F51EFD6DA400E8EFA0 /* PBXContainerItemProxy */;
		};
		48F3E2011EFD6DA400E8EFA0 /* PBXTargetDependency */ = {
			isa = PBXTargetDependency;
			target = 48F3E1DD1EFD6DA300E8EFA0 /* Honeycomb */;
			targetProxy = 48F3E2001EFD6DA400E8EFA0 /* PBXContainerItemProxy */;
		};
/* End PBXTargetDependency section */

/* Begin PBXVariantGroup section */
		48F3E1E71EFD6DA300E8EFA0 /* Main.storyboard */ = {
			isa = PBXVariantGroup;
			children = (
				48F3E1E81EFD6DA300E8EFA0 /* Base */,
			);
			name = Main.storyboard;
			sourceTree = "<group>";
		};
		48F3E1EC1EFD6DA300E8EFA0 /* LaunchScreen.storyboard */ = {
			isa = PBXVariantGroup;
			children = (
				48F3E1ED1EFD6DA300E8EFA0 /* Base */,
			);
			name = LaunchScreen.storyboard;
			sourceTree = "<group>";
		};
/* End PBXVariantGroup section */

/* Begin XCBuildConfiguration section */
		48F3E2061EFD6DA400E8EFA0 /* Debug */ = {
			isa = XCBuildConfiguration;
			buildSettings = {
				ALWAYS_SEARCH_USER_PATHS = NO;
				CLANG_ANALYZER_NONNULL = YES;
				CLANG_ANALYZER_NUMBER_OBJECT_CONVERSION = YES_AGGRESSIVE;
				CLANG_CXX_LANGUAGE_STANDARD = "gnu++0x";
				CLANG_CXX_LIBRARY = "libc++";
				CLANG_ENABLE_MODULES = YES;
				CLANG_ENABLE_OBJC_ARC = YES;
				CLANG_WARN_BOOL_CONVERSION = YES;
				CLANG_WARN_CONSTANT_CONVERSION = YES;
				CLANG_WARN_DIRECT_OBJC_ISA_USAGE = YES_ERROR;
				CLANG_WARN_DOCUMENTATION_COMMENTS = YES;
				CLANG_WARN_EMPTY_BODY = YES;
				CLANG_WARN_ENUM_CONVERSION = YES;
				CLANG_WARN_INFINITE_RECURSION = YES;
				CLANG_WARN_INT_CONVERSION = YES;
				CLANG_WARN_OBJC_ROOT_CLASS = YES_ERROR;
				CLANG_WARN_SUSPICIOUS_MOVE = YES;
				CLANG_WARN_UNREACHABLE_CODE = YES;
				CLANG_WARN__DUPLICATE_METHOD_MATCH = YES;
				"CODE_SIGN_IDENTITY[sdk=iphoneos*]" = "iPhone Developer";
				COPY_PHASE_STRIP = NO;
				DEBUG_INFORMATION_FORMAT = dwarf;
				ENABLE_STRICT_OBJC_MSGSEND = YES;
				ENABLE_TESTABILITY = YES;
				GCC_C_LANGUAGE_STANDARD = gnu99;
				GCC_DYNAMIC_NO_PIC = NO;
				GCC_NO_COMMON_BLOCKS = YES;
				GCC_OPTIMIZATION_LEVEL = 0;
				GCC_PREPROCESSOR_DEFINITIONS = (
					"DEBUG=1",
					"$(inherited)",
				);
				GCC_WARN_64_TO_32_BIT_CONVERSION = YES;
				GCC_WARN_ABOUT_RETURN_TYPE = YES_ERROR;
				GCC_WARN_UNDECLARED_SELECTOR = YES;
				GCC_WARN_UNINITIALIZED_AUTOS = YES_AGGRESSIVE;
				GCC_WARN_UNUSED_FUNCTION = YES;
				GCC_WARN_UNUSED_VARIABLE = YES;
				IPHONEOS_DEPLOYMENT_TARGET = 10.3;
				MTL_ENABLE_DEBUG_INFO = YES;
				ONLY_ACTIVE_ARCH = YES;
				SDKROOT = iphoneos;
				SWIFT_ACTIVE_COMPILATION_CONDITIONS = DEBUG;
				SWIFT_OPTIMIZATION_LEVEL = "-Onone";
				TARGETED_DEVICE_FAMILY = "1,2";
			};
			name = Debug;
		};
		48F3E2071EFD6DA400E8EFA0 /* Release */ = {
			isa = XCBuildConfiguration;
			buildSettings = {
				ALWAYS_SEARCH_USER_PATHS = NO;
				CLANG_ANALYZER_NONNULL = YES;
				CLANG_ANALYZER_NUMBER_OBJECT_CONVERSION = YES_AGGRESSIVE;
				CLANG_CXX_LANGUAGE_STANDARD = "gnu++0x";
				CLANG_CXX_LIBRARY = "libc++";
				CLANG_ENABLE_MODULES = YES;
				CLANG_ENABLE_OBJC_ARC = YES;
				CLANG_WARN_BOOL_CONVERSION = YES;
				CLANG_WARN_CONSTANT_CONVERSION = YES;
				CLANG_WARN_DIRECT_OBJC_ISA_USAGE = YES_ERROR;
				CLANG_WARN_DOCUMENTATION_COMMENTS = YES;
				CLANG_WARN_EMPTY_BODY = YES;
				CLANG_WARN_ENUM_CONVERSION = YES;
				CLANG_WARN_INFINITE_RECURSION = YES;
				CLANG_WARN_INT_CONVERSION = YES;
				CLANG_WARN_OBJC_ROOT_CLASS = YES_ERROR;
				CLANG_WARN_SUSPICIOUS_MOVE = YES;
				CLANG_WARN_UNREACHABLE_CODE = YES;
				CLANG_WARN__DUPLICATE_METHOD_MATCH = YES;
				"CODE_SIGN_IDENTITY[sdk=iphoneos*]" = "iPhone Developer";
				COPY_PHASE_STRIP = NO;
				DEBUG_INFORMATION_FORMAT = "dwarf-with-dsym";
				ENABLE_NS_ASSERTIONS = NO;
				ENABLE_STRICT_OBJC_MSGSEND = YES;
				GCC_C_LANGUAGE_STANDARD = gnu99;
				GCC_NO_COMMON_BLOCKS = YES;
				GCC_WARN_64_TO_32_BIT_CONVERSION = YES;
				GCC_WARN_ABOUT_RETURN_TYPE = YES_ERROR;
				GCC_WARN_UNDECLARED_SELECTOR = YES;
				GCC_WARN_UNINITIALIZED_AUTOS = YES_AGGRESSIVE;
				GCC_WARN_UNUSED_FUNCTION = YES;
				GCC_WARN_UNUSED_VARIABLE = YES;
				IPHONEOS_DEPLOYMENT_TARGET = 10.3;
				MTL_ENABLE_DEBUG_INFO = NO;
				SDKROOT = iphoneos;
				SWIFT_OPTIMIZATION_LEVEL = "-Owholemodule";
				TARGETED_DEVICE_FAMILY = "1,2";
				VALIDATE_PRODUCT = YES;
			};
			name = Release;
		};
		48F3E2091EFD6DA400E8EFA0 /* Debug */ = {
			isa = XCBuildConfiguration;
			baseConfigurationReference = 0D47E5721AA75501D003D6E2 /* Pods-Honeycomb.debug.xcconfig */;
			buildSettings = {
				ASSETCATALOG_COMPILER_APPICON_NAME = AppIcon;
				INFOPLIST_FILE = Honeycomb/Info.plist;
				IPHONEOS_DEPLOYMENT_TARGET = 9.3;
				LD_RUNPATH_SEARCH_PATHS = "$(inherited) @executable_path/Frameworks";
				PRODUCT_BUNDLE_IDENTIFIER = com.TIIC.Honeycomb;
				PRODUCT_NAME = "$(TARGET_NAME)";
				SWIFT_VERSION = 3.0;
			};
			name = Debug;
		};
		48F3E20A1EFD6DA400E8EFA0 /* Release */ = {
			isa = XCBuildConfiguration;
			baseConfigurationReference = D5C5B8B38D98B152929B88B9 /* Pods-Honeycomb.release.xcconfig */;
			buildSettings = {
				ASSETCATALOG_COMPILER_APPICON_NAME = AppIcon;
				INFOPLIST_FILE = Honeycomb/Info.plist;
				IPHONEOS_DEPLOYMENT_TARGET = 9.3;
				LD_RUNPATH_SEARCH_PATHS = "$(inherited) @executable_path/Frameworks";
				PRODUCT_BUNDLE_IDENTIFIER = com.TIIC.Honeycomb;
				PRODUCT_NAME = "$(TARGET_NAME)";
				SWIFT_VERSION = 3.0;
			};
			name = Release;
		};
		48F3E20C1EFD6DA400E8EFA0 /* Debug */ = {
			isa = XCBuildConfiguration;
			baseConfigurationReference = EB2FF7096D50A84C381CEDD6 /* Pods-HoneycombTests.debug.xcconfig */;
			buildSettings = {
				ALWAYS_EMBED_SWIFT_STANDARD_LIBRARIES = YES;
				BUNDLE_LOADER = "$(TEST_HOST)";
				INFOPLIST_FILE = HoneycombTests/Info.plist;
				LD_RUNPATH_SEARCH_PATHS = "$(inherited) @executable_path/Frameworks @loader_path/Frameworks";
				PRODUCT_BUNDLE_IDENTIFIER = TIIC.HoneycombTests;
				PRODUCT_NAME = "$(TARGET_NAME)";
				SWIFT_VERSION = 3.0;
				TEST_HOST = "$(BUILT_PRODUCTS_DIR)/Honeycomb.app/Honeycomb";
			};
			name = Debug;
		};
		48F3E20D1EFD6DA400E8EFA0 /* Release */ = {
			isa = XCBuildConfiguration;
			baseConfigurationReference = E7B09D6F8CB98B8EA7BB8CC1 /* Pods-HoneycombTests.release.xcconfig */;
			buildSettings = {
				ALWAYS_EMBED_SWIFT_STANDARD_LIBRARIES = YES;
				BUNDLE_LOADER = "$(TEST_HOST)";
				INFOPLIST_FILE = HoneycombTests/Info.plist;
				LD_RUNPATH_SEARCH_PATHS = "$(inherited) @executable_path/Frameworks @loader_path/Frameworks";
				PRODUCT_BUNDLE_IDENTIFIER = TIIC.HoneycombTests;
				PRODUCT_NAME = "$(TARGET_NAME)";
				SWIFT_VERSION = 3.0;
				TEST_HOST = "$(BUILT_PRODUCTS_DIR)/Honeycomb.app/Honeycomb";
			};
			name = Release;
		};
		48F3E20F1EFD6DA400E8EFA0 /* Debug */ = {
			isa = XCBuildConfiguration;
			baseConfigurationReference = D312909F85F8FD4CE29425FE /* Pods-HoneycombUITests.debug.xcconfig */;
			buildSettings = {
				ALWAYS_EMBED_SWIFT_STANDARD_LIBRARIES = YES;
				INFOPLIST_FILE = HoneycombUITests/Info.plist;
				LD_RUNPATH_SEARCH_PATHS = "$(inherited) @executable_path/Frameworks @loader_path/Frameworks";
				PRODUCT_BUNDLE_IDENTIFIER = TIIC.HoneycombUITests;
				PRODUCT_NAME = "$(TARGET_NAME)";
				SWIFT_VERSION = 3.0;
				TEST_TARGET_NAME = Honeycomb;
			};
			name = Debug;
		};
		48F3E2101EFD6DA400E8EFA0 /* Release */ = {
			isa = XCBuildConfiguration;
			baseConfigurationReference = 2139B2BCA5085A09047A7A4E /* Pods-HoneycombUITests.release.xcconfig */;
			buildSettings = {
				ALWAYS_EMBED_SWIFT_STANDARD_LIBRARIES = YES;
				INFOPLIST_FILE = HoneycombUITests/Info.plist;
				LD_RUNPATH_SEARCH_PATHS = "$(inherited) @executable_path/Frameworks @loader_path/Frameworks";
				PRODUCT_BUNDLE_IDENTIFIER = TIIC.HoneycombUITests;
				PRODUCT_NAME = "$(TARGET_NAME)";
				SWIFT_VERSION = 3.0;
				TEST_TARGET_NAME = Honeycomb;
			};
			name = Release;
		};
/* End XCBuildConfiguration section */

/* Begin XCConfigurationList section */
		48F3E1D91EFD6DA300E8EFA0 /* Build configuration list for PBXProject "Honeycomb" */ = {
			isa = XCConfigurationList;
			buildConfigurations = (
				48F3E2061EFD6DA400E8EFA0 /* Debug */,
				48F3E2071EFD6DA400E8EFA0 /* Release */,
			);
			defaultConfigurationIsVisible = 0;
			defaultConfigurationName = Release;
		};
		48F3E2081EFD6DA400E8EFA0 /* Build configuration list for PBXNativeTarget "Honeycomb" */ = {
			isa = XCConfigurationList;
			buildConfigurations = (
				48F3E2091EFD6DA400E8EFA0 /* Debug */,
				48F3E20A1EFD6DA400E8EFA0 /* Release */,
			);
			defaultConfigurationIsVisible = 0;
			defaultConfigurationName = Release;
		};
		48F3E20B1EFD6DA400E8EFA0 /* Build configuration list for PBXNativeTarget "HoneycombTests" */ = {
			isa = XCConfigurationList;
			buildConfigurations = (
				48F3E20C1EFD6DA400E8EFA0 /* Debug */,
				48F3E20D1EFD6DA400E8EFA0 /* Release */,
			);
			defaultConfigurationIsVisible = 0;
			defaultConfigurationName = Release;
		};
		48F3E20E1EFD6DA400E8EFA0 /* Build configuration list for PBXNativeTarget "HoneycombUITests" */ = {
			isa = XCConfigurationList;
			buildConfigurations = (
				48F3E20F1EFD6DA400E8EFA0 /* Debug */,
				48F3E2101EFD6DA400E8EFA0 /* Release */,
			);
			defaultConfigurationIsVisible = 0;
			defaultConfigurationName = Release;
		};
/* End XCConfigurationList section */
	};
	rootObject = 48F3E1D61EFD6DA300E8EFA0 /* Project object */;
}
